
Microsoft Visual Studio Solution File, Format Version 12.00
# Visual Studio Version 16
VisualStudioVersion = 16.0.34407.143
MinimumVisualStudioVersion = 10.0.40219.1
Project("{8BC9CEB8-8B4A-11D0-8D11-00A0C91BC942}") = "Project01", "Project01\Project01.vcxproj", "{8252C4D1-8CA7-48C9-80C7-D64589DB206A}"
EndProject
Global
	GlobalSection(SolutionConfigurationPlatforms) = preSolution
		Debug|x64 = Debug|x64
		Debug|x86 = Debug|x86
		Release|x64 = Release|x64
		Release|x86 = Release|x86
	EndGlobalSection
	GlobalSection(ProjectConfigurationPlatforms) = postSolution
		{8252C4D1-8CA7-48C9-80C7-D64589DB206A}.Debug|x64.ActiveCfg = Debug|x64
		{8252C4D1-8CA7-48C9-80C7-D64589DB206A}.Debug|x64.Build.0 = Debug|x64
		{8252C4D1-8CA7-48C9-80C7-D64589DB206A}.Debug|x86.ActiveCfg = Debug|Win32
		{8252C4D1-8CA7-48C9-80C7-D64589DB206A}.Debug|x86.Build.0 = Debug|Win32
		{8252C4D1-8CA7-48C9-80C7-D64589DB206A}.Release|x64.ActiveCfg = Release|x64
		{8252C4D1-8CA7-48C9-80C7-D64589DB206A}.Release|x64.Build.0 = Release|x64
		{8252C4D1-8CA7-48C9-80C7-D64589DB206A}.Release|x86.ActiveCfg = Release|Win32
		{8252C4D1-8CA7-48C9-80C7-D64589DB206A}.Release|x86.Build.0 = Release|Win32
	EndGlobalSection
	GlobalSection(SolutionProperties) = preSolution
		HideSolutionNode = FALSE
	EndGlobalSection
	GlobalSection(ExtensibilityGlobals) = postSolution
		SolutionGuid = {C95A112B-D8EF-4194-887E-177232E9F335}
	EndGlobalSection
EndGlobal
